
Microsoft Visual Studio Solution File, Format Version 10.00
# Visual Studio 2008
Project("{FAE04EC0-301F-11D3-BF4B-00C04F79EFBC}") = "Hyperion.Core", "Hyperion.Core\Hyperion.Core.csproj", "{0141AB4A-89D0-467D-BA34-3EEC1A3ECB50}"
EndProject
Project("{FAE04EC0-301F-11D3-BF4B-00C04F79EFBC}") = "Hyperion", "Hyperion\Hyperion.csproj", "{3BA8DC2D-CE04-4229-A75A-3C5EB386DF80}"
EndProject
Project("{2150E333-8FDC-42A3-9474-1A3956D46DE8}") = "Cameras", "Cameras", "{BF8C16F4-CAEB-46B7-8EE6-3001775D1D83}"
EndProject
Project("{FAE04EC0-301F-11D3-BF4B-00C04F79EFBC}") = "Hyperion.Cameras.Perspective", "Cameras\Hyperion.Cameras.Perspective\Hyperion.Cameras.Perspective.csproj", "{077F7067-8125-45DC-824F-47A415CE6585}"
EndProject
Project("{2150E333-8FDC-42A3-9474-1A3956D46DE8}") = "Lights", "Lights", "{AF97F686-3A66-4C42-BDD1-9C7940DD72F1}"
EndProject
Project("{FAE04EC0-301F-11D3-BF4B-00C04F79EFBC}") = "Hyperion.Lights.Point", "Lights\Hyperion.Lights.Point\Hyperion.Lights.Point.csproj", "{27268D7A-C91D-4FC6-83F8-0D2E365A2071}"
EndProject
Project("{FAE04EC0-301F-11D3-BF4B-00C04F79EFBC}") = "Hyperion.Lights.Distant", "Lights\Hyperion.Lights.Distant\Hyperion.Lights.Distant.csproj", "{FB6058C6-5AA2-4573-B4CD-35C0B0468339}"
EndProject
Project("{FAE04EC0-301F-11D3-BF4B-00C04F79EFBC}") = "Hyperion.Lights.DiffuseAreaLight", "Lights\Hyperion.Lights.DiffuseAreaLight\Hyperion.Lights.DiffuseAreaLight.csproj", "{DFF7C19B-DAC8-4809-AC3D-589751B8C868}"
EndProject
Project("{2150E333-8FDC-42A3-9474-1A3956D46DE8}") = "Materials", "Materials", "{C1568F7C-7381-4C5F-9961-2F16CBE8154D}"
EndProject
Project("{FAE04EC0-301F-11D3-BF4B-00C04F79EFBC}") = "Hyperion.Materials.Matte", "Materials\Hyperion.Materials.Matte\Hyperion.Materials.Matte.csproj", "{2A55C28E-1D19-488D-9A4B-873577619B89}"
EndProject
Project("{FAE04EC0-301F-11D3-BF4B-00C04F79EFBC}") = "Hyperion.Materials.Measured", "Materials\Hyperion.Materials.Measured\Hyperion.Materials.Measured.csproj", "{C33AA987-B5C9-479F-B5F2-6C7F2A0263DF}"
EndProject
Project("{FAE04EC0-301F-11D3-BF4B-00C04F79EFBC}") = "Hyperion.Materials.Glass", "Materials\Hyperion.Materials.Glass\Hyperion.Materials.Glass.csproj", "{794F9F8E-245C-4651-9CAF-7F3F905C5351}"
EndProject
Project("{FAE04EC0-301F-11D3-BF4B-00C04F79EFBC}") = "Hyperion.Materials.Mirror", "Materials\Hyperion.Materials.Mirror\Hyperion.Materials.Mirror.csproj", "{3E56303E-8D97-47B9-9C71-A6159162AC90}"
EndProject
Project("{FAE04EC0-301F-11D3-BF4B-00C04F79EFBC}") = "Hyperion.Materials.Subsurface", "Materials\Hyperion.Materials.Subsurface\Hyperion.Materials.Subsurface.csproj", "{0DE45533-A01E-497A-8E28-A171B6D34345}"
EndProject
Project("{2150E333-8FDC-42A3-9474-1A3956D46DE8}") = "Integrators", "Integrators", "{080459C1-F2A5-427D-9E42-52459F316203}"
EndProject
Project("{FAE04EC0-301F-11D3-BF4B-00C04F79EFBC}") = "Hyperion.Integrators.Whitted", "Integrators\Hyperion.Integrators.Whitted\Hyperion.Integrators.Whitted.csproj", "{30FD2FF4-D18E-4999-97EC-CE3EAEC2C715}"
EndProject
Project("{FAE04EC0-301F-11D3-BF4B-00C04F79EFBC}") = "Hyperion.Integrators.Emission", "Integrators\Hyperion.Integrators.Emission\Hyperion.Integrators.Emission.csproj", "{29BAB224-0E17-4FE8-9A0F-A57F680E3C7C}"
EndProject
Project("{2150E333-8FDC-42A3-9474-1A3956D46DE8}") = "Renderers", "Renderers", "{51E5FA10-C316-4830-BFDF-70BB5FF117BC}"
EndProject
Project("{FAE04EC0-301F-11D3-BF4B-00C04F79EFBC}") = "Hyperion.Renderers.Sampler", "Renderers\Hyperion.Renderers.Sampler\Hyperion.Renderers.Sampler.csproj", "{D3DAF5D8-6936-41EE-87DD-24F8C956AE7A}"
EndProject
Project("{2150E333-8FDC-42A3-9474-1A3956D46DE8}") = "Filters", "Filters", "{F25CCD73-7E2A-4292-B875-69D42582EFE9}"
EndProject
Project("{FAE04EC0-301F-11D3-BF4B-00C04F79EFBC}") = "Hyperion.Filters.Mitchell", "Filters\Hyperion.Filters.Mitchell\Hyperion.Filters.Mitchell.csproj", "{E9E8CAB0-1350-4C77-928E-4148A7C9FB37}"
EndProject
Project("{2150E333-8FDC-42A3-9474-1A3956D46DE8}") = "Films", "Films", "{8A8B2E9C-159F-4EEE-B7C5-8948D87CE446}"
EndProject
Project("{FAE04EC0-301F-11D3-BF4B-00C04F79EFBC}") = "Hyperion.Films.Image", "Films\Hyperion.Films.Image\Hyperion.Films.Image.csproj", "{C41A551F-C0B9-4E96-9F81-573D37719C8D}"
EndProject
Project("{2150E333-8FDC-42A3-9474-1A3956D46DE8}") = "Samplers", "Samplers", "{95DA0422-C0CE-4DA1-8127-8C8D983CF112}"
EndProject
Project("{FAE04EC0-301F-11D3-BF4B-00C04F79EFBC}") = "Hyperion.Samplers.Random", "Samplers\Hyperion.Samplers.Random\Hyperion.Samplers.Random.csproj", "{8DE7B70C-9C93-4A21-9910-B9779275C642}"
EndProject
Project("{FAE04EC0-301F-11D3-BF4B-00C04F79EFBC}") = "Hyperion.Samplers.LowDiscrepancy", "Samplers\Hyperion.Samplers.LowDiscrepancy\Hyperion.Samplers.LowDiscrepancy.csproj", "{DF2790AD-EF13-431A-8C0D-D0041B51A10A}"
EndProject
Project("{2150E333-8FDC-42A3-9474-1A3956D46DE8}") = "Accelerators", "Accelerators", "{67400D5E-CF9F-4C1E-B503-20CC023CDF7D}"
EndProject
Project("{FAE04EC0-301F-11D3-BF4B-00C04F79EFBC}") = "Hyperion.Accelerators.Grid", "Accelerators\Hyperion.Accelerators.Grid\Hyperion.Accelerators.Grid.csproj", "{59AE04BC-63CF-4342-8CA5-EC4900D67B40}"
EndProject
Project("{FAE04EC0-301F-11D3-BF4B-00C04F79EFBC}") = "Hyperion.Accelerators.KdTree", "Accelerators\Hyperion.Accelerators.KdTree\Hyperion.Accelerators.KdTree.csproj", "{8D40F319-E507-4CF1-A61C-722F634745EB}"
EndProject
Project("{2150E333-8FDC-42A3-9474-1A3956D46DE8}") = "Shapes", "Shapes", "{3CF60642-6670-4057-B39F-C77B1485076E}"
EndProject
Project("{FAE04EC0-301F-11D3-BF4B-00C04F79EFBC}") = "Hyperion.Shapes.TriangleMesh", "Shapes\Hyperion.Shapes.TriangleMesh\Hyperion.Shapes.TriangleMesh.csproj", "{B067E940-84E0-4302-A25B-C7DE6ACD8BDE}"
EndProject
Project("{FAE04EC0-301F-11D3-BF4B-00C04F79EFBC}") = "Hyperion.Shapes.Disk", "Shapes\Hyperion.Shapes.Disk\Hyperion.Shapes.Disk.csproj", "{2CE31817-9CBD-47F1-B0D0-B3B99B9E2D4A}"
EndProject
Project("{FAE04EC0-301F-11D3-BF4B-00C04F79EFBC}") = "Hyperion.Shapes.Sphere", "Shapes\Hyperion.Shapes.Sphere\Hyperion.Shapes.Sphere.csproj", "{DCBA314A-13BC-4F0E-A4CB-39D8CC53A2B2}"
EndProject
Project("{2150E333-8FDC-42A3-9474-1A3956D46DE8}") = "Textures", "Textures", "{3D226E06-7DE0-405E-A6AF-DD406F490458}"
EndProject
Project("{FAE04EC0-301F-11D3-BF4B-00C04F79EFBC}") = "Hyperion.Textures.Imagemap", "Textures\Hyperion.Textures.Imagemap\Hyperion.Textures.Imagemap.csproj", "{17382C4E-B933-43FE-9A3C-3BD529543586}"
EndProject
Global
	GlobalSection(SolutionConfigurationPlatforms) = preSolution
		Debug|Any CPU = Debug|Any CPU
		Release|Any CPU = Release|Any CPU
	EndGlobalSection
	GlobalSection(ProjectConfigurationPlatforms) = postSolution
		{0141AB4A-89D0-467D-BA34-3EEC1A3ECB50}.Debug|Any CPU.ActiveCfg = Debug|Any CPU
		{0141AB4A-89D0-467D-BA34-3EEC1A3ECB50}.Debug|Any CPU.Build.0 = Debug|Any CPU
		{0141AB4A-89D0-467D-BA34-3EEC1A3ECB50}.Release|Any CPU.ActiveCfg = Release|Any CPU
		{0141AB4A-89D0-467D-BA34-3EEC1A3ECB50}.Release|Any CPU.Build.0 = Release|Any CPU
		{077F7067-8125-45DC-824F-47A415CE6585}.Debug|Any CPU.ActiveCfg = Debug|Any CPU
		{077F7067-8125-45DC-824F-47A415CE6585}.Debug|Any CPU.Build.0 = Debug|Any CPU
		{077F7067-8125-45DC-824F-47A415CE6585}.Release|Any CPU.ActiveCfg = Release|Any CPU
		{077F7067-8125-45DC-824F-47A415CE6585}.Release|Any CPU.Build.0 = Release|Any CPU
		{0DE45533-A01E-497A-8E28-A171B6D34345}.Debug|Any CPU.ActiveCfg = Debug|Any CPU
		{0DE45533-A01E-497A-8E28-A171B6D34345}.Debug|Any CPU.Build.0 = Debug|Any CPU
		{0DE45533-A01E-497A-8E28-A171B6D34345}.Release|Any CPU.ActiveCfg = Release|Any CPU
		{0DE45533-A01E-497A-8E28-A171B6D34345}.Release|Any CPU.Build.0 = Release|Any CPU
		{17382C4E-B933-43FE-9A3C-3BD529543586}.Debug|Any CPU.ActiveCfg = Debug|Any CPU
		{17382C4E-B933-43FE-9A3C-3BD529543586}.Debug|Any CPU.Build.0 = Debug|Any CPU
		{17382C4E-B933-43FE-9A3C-3BD529543586}.Release|Any CPU.ActiveCfg = Release|Any CPU
		{17382C4E-B933-43FE-9A3C-3BD529543586}.Release|Any CPU.Build.0 = Release|Any CPU
		{27268D7A-C91D-4FC6-83F8-0D2E365A2071}.Debug|Any CPU.ActiveCfg = Debug|Any CPU
		{27268D7A-C91D-4FC6-83F8-0D2E365A2071}.Debug|Any CPU.Build.0 = Debug|Any CPU
		{27268D7A-C91D-4FC6-83F8-0D2E365A2071}.Release|Any CPU.ActiveCfg = Release|Any CPU
		{27268D7A-C91D-4FC6-83F8-0D2E365A2071}.Release|Any CPU.Build.0 = Release|Any CPU
		{29BAB224-0E17-4FE8-9A0F-A57F680E3C7C}.Debug|Any CPU.ActiveCfg = Debug|Any CPU
		{29BAB224-0E17-4FE8-9A0F-A57F680E3C7C}.Debug|Any CPU.Build.0 = Debug|Any CPU
		{29BAB224-0E17-4FE8-9A0F-A57F680E3C7C}.Release|Any CPU.ActiveCfg = Release|Any CPU
		{29BAB224-0E17-4FE8-9A0F-A57F680E3C7C}.Release|Any CPU.Build.0 = Release|Any CPU
		{2A55C28E-1D19-488D-9A4B-873577619B89}.Debug|Any CPU.ActiveCfg = Debug|Any CPU
		{2A55C28E-1D19-488D-9A4B-873577619B89}.Debug|Any CPU.Build.0 = Debug|Any CPU
		{2A55C28E-1D19-488D-9A4B-873577619B89}.Release|Any CPU.ActiveCfg = Release|Any CPU
		{2A55C28E-1D19-488D-9A4B-873577619B89}.Release|Any CPU.Build.0 = Release|Any CPU
		{2CE31817-9CBD-47F1-B0D0-B3B99B9E2D4A}.Debug|Any CPU.ActiveCfg = Debug|Any CPU
		{2CE31817-9CBD-47F1-B0D0-B3B99B9E2D4A}.Debug|Any CPU.Build.0 = Debug|Any CPU
		{2CE31817-9CBD-47F1-B0D0-B3B99B9E2D4A}.Release|Any CPU.ActiveCfg = Release|Any CPU
		{2CE31817-9CBD-47F1-B0D0-B3B99B9E2D4A}.Release|Any CPU.Build.0 = Release|Any CPU
		{30FD2FF4-D18E-4999-97EC-CE3EAEC2C715}.Debug|Any CPU.ActiveCfg = Debug|Any CPU
		{30FD2FF4-D18E-4999-97EC-CE3EAEC2C715}.Debug|Any CPU.Build.0 = Debug|Any CPU
		{30FD2FF4-D18E-4999-97EC-CE3EAEC2C715}.Release|Any CPU.ActiveCfg = Release|Any CPU
		{30FD2FF4-D18E-4999-97EC-CE3EAEC2C715}.Release|Any CPU.Build.0 = Release|Any CPU
		{3BA8DC2D-CE04-4229-A75A-3C5EB386DF80}.Debug|Any CPU.ActiveCfg = Debug|Any CPU
		{3BA8DC2D-CE04-4229-A75A-3C5EB386DF80}.Debug|Any CPU.Build.0 = Debug|Any CPU
		{3BA8DC2D-CE04-4229-A75A-3C5EB386DF80}.Release|Any CPU.ActiveCfg = Release|Any CPU
		{3BA8DC2D-CE04-4229-A75A-3C5EB386DF80}.Release|Any CPU.Build.0 = Release|Any CPU
		{3E56303E-8D97-47B9-9C71-A6159162AC90}.Debug|Any CPU.ActiveCfg = Debug|Any CPU
		{3E56303E-8D97-47B9-9C71-A6159162AC90}.Debug|Any CPU.Build.0 = Debug|Any CPU
		{3E56303E-8D97-47B9-9C71-A6159162AC90}.Release|Any CPU.ActiveCfg = Release|Any CPU
		{3E56303E-8D97-47B9-9C71-A6159162AC90}.Release|Any CPU.Build.0 = Release|Any CPU
		{59AE04BC-63CF-4342-8CA5-EC4900D67B40}.Debug|Any CPU.ActiveCfg = Debug|Any CPU
		{59AE04BC-63CF-4342-8CA5-EC4900D67B40}.Debug|Any CPU.Build.0 = Debug|Any CPU
		{59AE04BC-63CF-4342-8CA5-EC4900D67B40}.Release|Any CPU.ActiveCfg = Release|Any CPU
		{59AE04BC-63CF-4342-8CA5-EC4900D67B40}.Release|Any CPU.Build.0 = Release|Any CPU
		{794F9F8E-245C-4651-9CAF-7F3F905C5351}.Debug|Any CPU.ActiveCfg = Debug|Any CPU
		{794F9F8E-245C-4651-9CAF-7F3F905C5351}.Debug|Any CPU.Build.0 = Debug|Any CPU
		{794F9F8E-245C-4651-9CAF-7F3F905C5351}.Release|Any CPU.ActiveCfg = Release|Any CPU
		{794F9F8E-245C-4651-9CAF-7F3F905C5351}.Release|Any CPU.Build.0 = Release|Any CPU
		{8D40F319-E507-4CF1-A61C-722F634745EB}.Debug|Any CPU.ActiveCfg = Debug|Any CPU
		{8D40F319-E507-4CF1-A61C-722F634745EB}.Debug|Any CPU.Build.0 = Debug|Any CPU
		{8D40F319-E507-4CF1-A61C-722F634745EB}.Release|Any CPU.ActiveCfg = Release|Any CPU
		{8D40F319-E507-4CF1-A61C-722F634745EB}.Release|Any CPU.Build.0 = Release|Any CPU
		{8DE7B70C-9C93-4A21-9910-B9779275C642}.Debug|Any CPU.ActiveCfg = Debug|Any CPU
		{8DE7B70C-9C93-4A21-9910-B9779275C642}.Debug|Any CPU.Build.0 = Debug|Any CPU
		{8DE7B70C-9C93-4A21-9910-B9779275C642}.Release|Any CPU.ActiveCfg = Release|Any CPU
		{8DE7B70C-9C93-4A21-9910-B9779275C642}.Release|Any CPU.Build.0 = Release|Any CPU
		{B067E940-84E0-4302-A25B-C7DE6ACD8BDE}.Debug|Any CPU.ActiveCfg = Debug|Any CPU
		{B067E940-84E0-4302-A25B-C7DE6ACD8BDE}.Debug|Any CPU.Build.0 = Debug|Any CPU
		{B067E940-84E0-4302-A25B-C7DE6ACD8BDE}.Release|Any CPU.ActiveCfg = Release|Any CPU
		{B067E940-84E0-4302-A25B-C7DE6ACD8BDE}.Release|Any CPU.Build.0 = Release|Any CPU
		{C33AA987-B5C9-479F-B5F2-6C7F2A0263DF}.Debug|Any CPU.ActiveCfg = Debug|Any CPU
		{C33AA987-B5C9-479F-B5F2-6C7F2A0263DF}.Debug|Any CPU.Build.0 = Debug|Any CPU
		{C33AA987-B5C9-479F-B5F2-6C7F2A0263DF}.Release|Any CPU.ActiveCfg = Release|Any CPU
		{C33AA987-B5C9-479F-B5F2-6C7F2A0263DF}.Release|Any CPU.Build.0 = Release|Any CPU
		{C41A551F-C0B9-4E96-9F81-573D37719C8D}.Debug|Any CPU.ActiveCfg = Debug|Any CPU
		{C41A551F-C0B9-4E96-9F81-573D37719C8D}.Debug|Any CPU.Build.0 = Debug|Any CPU
		{C41A551F-C0B9-4E96-9F81-573D37719C8D}.Release|Any CPU.ActiveCfg = Release|Any CPU
		{C41A551F-C0B9-4E96-9F81-573D37719C8D}.Release|Any CPU.Build.0 = Release|Any CPU
		{D3DAF5D8-6936-41EE-87DD-24F8C956AE7A}.Debug|Any CPU.ActiveCfg = Debug|Any CPU
		{D3DAF5D8-6936-41EE-87DD-24F8C956AE7A}.Debug|Any CPU.Build.0 = Debug|Any CPU
		{D3DAF5D8-6936-41EE-87DD-24F8C956AE7A}.Release|Any CPU.ActiveCfg = Release|Any CPU
		{D3DAF5D8-6936-41EE-87DD-24F8C956AE7A}.Release|Any CPU.Build.0 = Release|Any CPU
		{DCBA314A-13BC-4F0E-A4CB-39D8CC53A2B2}.Debug|Any CPU.ActiveCfg = Debug|Any CPU
		{DCBA314A-13BC-4F0E-A4CB-39D8CC53A2B2}.Debug|Any CPU.Build.0 = Debug|Any CPU
		{DCBA314A-13BC-4F0E-A4CB-39D8CC53A2B2}.Release|Any CPU.ActiveCfg = Release|Any CPU
		{DCBA314A-13BC-4F0E-A4CB-39D8CC53A2B2}.Release|Any CPU.Build.0 = Release|Any CPU
		{DF2790AD-EF13-431A-8C0D-D0041B51A10A}.Debug|Any CPU.ActiveCfg = Debug|Any CPU
		{DF2790AD-EF13-431A-8C0D-D0041B51A10A}.Debug|Any CPU.Build.0 = Debug|Any CPU
		{DF2790AD-EF13-431A-8C0D-D0041B51A10A}.Release|Any CPU.ActiveCfg = Release|Any CPU
		{DF2790AD-EF13-431A-8C0D-D0041B51A10A}.Release|Any CPU.Build.0 = Release|Any CPU
		{DFF7C19B-DAC8-4809-AC3D-589751B8C868}.Debug|Any CPU.ActiveCfg = Debug|Any CPU
		{DFF7C19B-DAC8-4809-AC3D-589751B8C868}.Debug|Any CPU.Build.0 = Debug|Any CPU
		{DFF7C19B-DAC8-4809-AC3D-589751B8C868}.Release|Any CPU.ActiveCfg = Release|Any CPU
		{DFF7C19B-DAC8-4809-AC3D-589751B8C868}.Release|Any CPU.Build.0 = Release|Any CPU
		{E9E8CAB0-1350-4C77-928E-4148A7C9FB37}.Debug|Any CPU.ActiveCfg = Debug|Any CPU
		{E9E8CAB0-1350-4C77-928E-4148A7C9FB37}.Debug|Any CPU.Build.0 = Debug|Any CPU
		{E9E8CAB0-1350-4C77-928E-4148A7C9FB37}.Release|Any CPU.ActiveCfg = Release|Any CPU
		{E9E8CAB0-1350-4C77-928E-4148A7C9FB37}.Release|Any CPU.Build.0 = Release|Any CPU
		{FB6058C6-5AA2-4573-B4CD-35C0B0468339}.Debug|Any CPU.ActiveCfg = Debug|Any CPU
		{FB6058C6-5AA2-4573-B4CD-35C0B0468339}.Debug|Any CPU.Build.0 = Debug|Any CPU
		{FB6058C6-5AA2-4573-B4CD-35C0B0468339}.Release|Any CPU.ActiveCfg = Release|Any CPU
		{FB6058C6-5AA2-4573-B4CD-35C0B0468339}.Release|Any CPU.Build.0 = Release|Any CPU
	EndGlobalSection
	GlobalSection(NestedProjects) = preSolution
		{077F7067-8125-45DC-824F-47A415CE6585} = {BF8C16F4-CAEB-46B7-8EE6-3001775D1D83}
		{27268D7A-C91D-4FC6-83F8-0D2E365A2071} = {AF97F686-3A66-4C42-BDD1-9C7940DD72F1}
		{FB6058C6-5AA2-4573-B4CD-35C0B0468339} = {AF97F686-3A66-4C42-BDD1-9C7940DD72F1}
		{DFF7C19B-DAC8-4809-AC3D-589751B8C868} = {AF97F686-3A66-4C42-BDD1-9C7940DD72F1}
		{2A55C28E-1D19-488D-9A4B-873577619B89} = {C1568F7C-7381-4C5F-9961-2F16CBE8154D}
		{C33AA987-B5C9-479F-B5F2-6C7F2A0263DF} = {C1568F7C-7381-4C5F-9961-2F16CBE8154D}
		{794F9F8E-245C-4651-9CAF-7F3F905C5351} = {C1568F7C-7381-4C5F-9961-2F16CBE8154D}
		{3E56303E-8D97-47B9-9C71-A6159162AC90} = {C1568F7C-7381-4C5F-9961-2F16CBE8154D}
		{0DE45533-A01E-497A-8E28-A171B6D34345} = {C1568F7C-7381-4C5F-9961-2F16CBE8154D}
		{30FD2FF4-D18E-4999-97EC-CE3EAEC2C715} = {080459C1-F2A5-427D-9E42-52459F316203}
		{29BAB224-0E17-4FE8-9A0F-A57F680E3C7C} = {080459C1-F2A5-427D-9E42-52459F316203}
		{D3DAF5D8-6936-41EE-87DD-24F8C956AE7A} = {51E5FA10-C316-4830-BFDF-70BB5FF117BC}
		{E9E8CAB0-1350-4C77-928E-4148A7C9FB37} = {F25CCD73-7E2A-4292-B875-69D42582EFE9}
		{C41A551F-C0B9-4E96-9F81-573D37719C8D} = {8A8B2E9C-159F-4EEE-B7C5-8948D87CE446}
		{8DE7B70C-9C93-4A21-9910-B9779275C642} = {95DA0422-C0CE-4DA1-8127-8C8D983CF112}
		{DF2790AD-EF13-431A-8C0D-D0041B51A10A} = {95DA0422-C0CE-4DA1-8127-8C8D983CF112}
		{59AE04BC-63CF-4342-8CA5-EC4900D67B40} = {67400D5E-CF9F-4C1E-B503-20CC023CDF7D}
		{8D40F319-E507-4CF1-A61C-722F634745EB} = {67400D5E-CF9F-4C1E-B503-20CC023CDF7D}
		{B067E940-84E0-4302-A25B-C7DE6ACD8BDE} = {3CF60642-6670-4057-B39F-C77B1485076E}
		{2CE31817-9CBD-47F1-B0D0-B3B99B9E2D4A} = {3CF60642-6670-4057-B39F-C77B1485076E}
		{DCBA314A-13BC-4F0E-A4CB-39D8CC53A2B2} = {3CF60642-6670-4057-B39F-C77B1485076E}
		{17382C4E-B933-43FE-9A3C-3BD529543586} = {3D226E06-7DE0-405E-A6AF-DD406F490458}
	EndGlobalSection
	GlobalSection(MonoDevelopProperties) = preSolution
		StartupItem = Hyperion\Hyperion.csproj
	EndGlobalSection
EndGlobal
